// !$*UTF8*$!
{
	archiveVersion = 1;
	classes = {
	};
	objectVersion = 50;
	objects = {

/* Begin PBXBuildFile section */
		6548DF7226FF9A3200664F39 /* NetworkManager.swift in Sources */ = {isa = PBXBuildFile; fileRef = 6548DF7126FF9A3200664F39 /* NetworkManager.swift */; };
		655BED1826FF13CA00ABBAD6 /* CharacterTableViewController.swift in Sources */ = {isa = PBXBuildFile; fileRef = 655BED1726FF13CA00ABBAD6 /* CharacterTableViewController.swift */; };
		655BED1C26FF578800ABBAD6 /* CharacterDetailsViewController.swift in Sources */ = {isa = PBXBuildFile; fileRef = 655BED1B26FF578800ABBAD6 /* CharacterDetailsViewController.swift */; };
		6590B47226FF6B5D00BB8209 /* Character.swift in Sources */ = {isa = PBXBuildFile; fileRef = 6590B47126FF6B5D00BB8209 /* Character.swift */; };
		6590B47626FF6E2D00BB8209 /* CharacterCell.swift in Sources */ = {isa = PBXBuildFile; fileRef = 6590B47526FF6E2D00BB8209 /* CharacterCell.swift */; };
		65C2D4BF26FE413700F9EAD0 /* AppDelegate.swift in Sources */ = {isa = PBXBuildFile; fileRef = 65C2D4BE26FE413700F9EAD0 /* AppDelegate.swift */; };
		65C2D4C126FE413700F9EAD0 /* SceneDelegate.swift in Sources */ = {isa = PBXBuildFile; fileRef = 65C2D4C026FE413700F9EAD0 /* SceneDelegate.swift */; };
		65C2D4C626FE413700F9EAD0 /* Main.storyboard in Resources */ = {isa = PBXBuildFile; fileRef = 65C2D4C426FE413700F9EAD0 /* Main.storyboard */; };
		65C2D4C826FE413900F9EAD0 /* Assets.xcassets in Resources */ = {isa = PBXBuildFile; fileRef = 65C2D4C726FE413900F9EAD0 /* Assets.xcassets */; };
		65C2D4CB26FE413900F9EAD0 /* LaunchScreen.storyboard in Resources */ = {isa = PBXBuildFile; fileRef = 65C2D4C926FE413900F9EAD0 /* LaunchScreen.storyboard */; };
/* End PBXBuildFile section */

/* Begin PBXFileReference section */
		6548DF7126FF9A3200664F39 /* NetworkManager.swift */ = {isa = PBXFileReference; lastKnownFileType = sourcecode.swift; path = NetworkManager.swift; sourceTree = "<group>"; };
		655BED1726FF13CA00ABBAD6 /* CharacterTableViewController.swift */ = {isa = PBXFileReference; lastKnownFileType = sourcecode.swift; path = CharacterTableViewController.swift; sourceTree = "<group>"; };
		655BED1B26FF578800ABBAD6 /* CharacterDetailsViewController.swift */ = {isa = PBXFileReference; lastKnownFileType = sourcecode.swift; path = CharacterDetailsViewController.swift; sourceTree = "<group>"; };
		6590B47126FF6B5D00BB8209 /* Character.swift */ = {isa = PBXFileReference; lastKnownFileType = sourcecode.swift; path = Character.swift; sourceTree = "<group>"; };
		6590B47526FF6E2D00BB8209 /* CharacterCell.swift */ = {isa = PBXFileReference; lastKnownFileType = sourcecode.swift; path = CharacterCell.swift; sourceTree = "<group>"; };
		65C2D4BB26FE413600F9EAD0 /* BreakingBad.app */ = {isa = PBXFileReference; explicitFileType = wrapper.application; includeInIndex = 0; path = BreakingBad.app; sourceTree = BUILT_PRODUCTS_DIR; };
		65C2D4BE26FE413700F9EAD0 /* AppDelegate.swift */ = {isa = PBXFileReference; lastKnownFileType = sourcecode.swift; path = AppDelegate.swift; sourceTree = "<group>"; };
		65C2D4C026FE413700F9EAD0 /* SceneDelegate.swift */ = {isa = PBXFileReference; lastKnownFileType = sourcecode.swift; path = SceneDelegate.swift; sourceTree = "<group>"; };
		65C2D4C526FE413700F9EAD0 /* Base */ = {isa = PBXFileReference; lastKnownFileType = file.storyboard; name = Base; path = Base.lproj/Main.storyboard; sourceTree = "<group>"; };
		65C2D4C726FE413900F9EAD0 /* Assets.xcassets */ = {isa = PBXFileReference; lastKnownFileType = folder.assetcatalog; path = Assets.xcassets; sourceTree = "<group>"; };
		65C2D4CA26FE413900F9EAD0 /* Base */ = {isa = PBXFileReference; lastKnownFileType = file.storyboard; name = Base; path = Base.lproj/LaunchScreen.storyboard; sourceTree = "<group>"; };
		65C2D4CC26FE413900F9EAD0 /* Info.plist */ = {isa = PBXFileReference; lastKnownFileType = text.plist.xml; path = Info.plist; sourceTree = "<group>"; };
/* End PBXFileReference section */

/* Begin PBXFrameworksBuildPhase section */
		65C2D4B826FE413600F9EAD0 /* Frameworks */ = {
			isa = PBXFrameworksBuildPhase;
			buildActionMask = 2147483647;
			files = (
			);
			runOnlyForDeploymentPostprocessing = 0;
		};
/* End PBXFrameworksBuildPhase section */

/* Begin PBXGroup section */
		65C2D4B226FE413600F9EAD0 = {
			isa = PBXGroup;
			children = (
				65C2D4BD26FE413600F9EAD0 /* BreakingBad */,
				65C2D4BC26FE413600F9EAD0 /* Products */,
			);
			sourceTree = "<group>";
		};
		65C2D4BC26FE413600F9EAD0 /* Products */ = {
			isa = PBXGroup;
			children = (
				65C2D4BB26FE413600F9EAD0 /* BreakingBad.app */,
			);
			name = Products;
			sourceTree = "<group>";
		};
		65C2D4BD26FE413600F9EAD0 /* BreakingBad */ = {
			isa = PBXGroup;
			children = (
				65C2D4D226FE416D00F9EAD0 /* ViewControllers */,
				65C2D4D326FE418000F9EAD0 /* Storyboards */,
				65C2D4D626FE424300F9EAD0 /* Models */,
				65C2D4D726FE424B00F9EAD0 /* Services */,
				65C2D4D526FE422C00F9EAD0 /* Resources */,
				65C2D4D426FE41D000F9EAD0 /* App */,
			);
			path = BreakingBad;
			sourceTree = "<group>";
		};
		65C2D4D226FE416D00F9EAD0 /* ViewControllers */ = {
			isa = PBXGroup;
			children = (
				655BED1726FF13CA00ABBAD6 /* CharacterTableViewController.swift */,
				655BED1B26FF578800ABBAD6 /* CharacterDetailsViewController.swift */,
				6590B47526FF6E2D00BB8209 /* CharacterCell.swift */,
			);
			path = ViewControllers;
			sourceTree = "<group>";
		};
		65C2D4D326FE418000F9EAD0 /* Storyboards */ = {
			isa = PBXGroup;
			children = (
				65C2D4C426FE413700F9EAD0 /* Main.storyboard */,
				65C2D4C926FE413900F9EAD0 /* LaunchScreen.storyboard */,
			);
			path = Storyboards;
			sourceTree = "<group>";
		};
		65C2D4D426FE41D000F9EAD0 /* App */ = {
			isa = PBXGroup;
			children = (
				65C2D4BE26FE413700F9EAD0 /* AppDelegate.swift */,
				65C2D4C026FE413700F9EAD0 /* SceneDelegate.swift */,
				65C2D4CC26FE413900F9EAD0 /* Info.plist */,
			);
			path = App;
			sourceTree = "<group>";
		};
		65C2D4D526FE422C00F9EAD0 /* Resources */ = {
			isa = PBXGroup;
			children = (
				65C2D4C726FE413900F9EAD0 /* Assets.xcassets */,
			);
			path = Resources;
			sourceTree = "<group>";
		};
		65C2D4D626FE424300F9EAD0 /* Models */ = {
			isa = PBXGroup;
			children = (
				6590B47126FF6B5D00BB8209 /* Character.swift */,
			);
			path = Models;
			sourceTree = "<group>";
		};
		65C2D4D726FE424B00F9EAD0 /* Services */ = {
			isa = PBXGroup;
			children = (
				6548DF7126FF9A3200664F39 /* NetworkManager.swift */,
			);
			path = Services;
			sourceTree = "<group>";
		};
/* End PBXGroup section */

/* Begin PBXNativeTarget section */
		65C2D4BA26FE413600F9EAD0 /* BreakingBad */ = {
			isa = PBXNativeTarget;
			buildConfigurationList = 65C2D4CF26FE413900F9EAD0 /* Build configuration list for PBXNativeTarget "BreakingBad" */;
			buildPhases = (
				65C2D4B726FE413600F9EAD0 /* Sources */,
				65C2D4B826FE413600F9EAD0 /* Frameworks */,
				65C2D4B926FE413600F9EAD0 /* Resources */,
			);
			buildRules = (
			);
			dependencies = (
			);
			name = BreakingBad;
			productName = BreakingBad;
			productReference = 65C2D4BB26FE413600F9EAD0 /* BreakingBad.app */;
			productType = "com.apple.product-type.application";
		};
/* End PBXNativeTarget section */

/* Begin PBXProject section */
		65C2D4B326FE413600F9EAD0 /* Project object */ = {
			isa = PBXProject;
			attributes = {
				LastSwiftUpdateCheck = 1250;
				LastUpgradeCheck = 1250;
				TargetAttributes = {
					65C2D4BA26FE413600F9EAD0 = {
						CreatedOnToolsVersion = 12.5.1;
					};
				};
			};
			buildConfigurationList = 65C2D4B626FE413600F9EAD0 /* Build configuration list for PBXProject "BreakingBad" */;
			compatibilityVersion = "Xcode 9.3";
			developmentRegion = en;
			hasScannedForEncodings = 0;
			knownRegions = (
				en,
				Base,
			);
			mainGroup = 65C2D4B226FE413600F9EAD0;
			productRefGroup = 65C2D4BC26FE413600F9EAD0 /* Products */;
			projectDirPath = "";
			projectRoot = "";
			targets = (
				65C2D4BA26FE413600F9EAD0 /* BreakingBad */,
			);
		};
/* End PBXProject section */

/* Begin PBXResourcesBuildPhase section */
		65C2D4B926FE413600F9EAD0 /* Resources */ = {
			isa = PBXResourcesBuildPhase;
			buildActionMask = 2147483647;
			files = (
				65C2D4CB26FE413900F9EAD0 /* LaunchScreen.storyboard in Resources */,
				65C2D4C826FE413900F9EAD0 /* Assets.xcassets in Resources */,
				65C2D4C626FE413700F9EAD0 /* Main.storyboard in Resources */,
			);
			runOnlyForDeploymentPostprocessing = 0;
		};
/* End PBXResourcesBuildPhase section */

/* Begin PBXSourcesBuildPhase section */
		65C2D4B726FE413600F9EAD0 /* Sources */ = {
			isa = PBXSourcesBuildPhase;
			buildActionMask = 2147483647;
			files = (
				65C2D4BF26FE413700F9EAD0 /* AppDelegate.swift in Sources */,
				655BED1826FF13CA00ABBAD6 /* CharacterTableViewController.swift in Sources */,
				6590B47626FF6E2D00BB8209 /* CharacterCell.swift in Sources */,
				6548DF7226FF9A3200664F39 /* NetworkManager.swift in Sources */,
				65C2D4C126FE413700F9EAD0 /* SceneDelegate.swift in Sources */,
				655BED1C26FF578800ABBAD6 /* CharacterDetailsViewController.swift in Sources */,
				6590B47226FF6B5D00BB8209 /* Character.swift in Sources */,
			);
			runOnlyForDeploymentPostprocessing = 0;
		};
/* End PBXSourcesBuildPhase section */

/* Begin PBXVariantGroup section */
		65C2D4C426FE413700F9EAD0 /* Main.storyboard */ = {
			isa = PBXVariantGroup;
			children = (
				65C2D4C526FE413700F9EAD0 /* Base */,
			);
			name = Main.storyboard;
			sourceTree = "<group>";
		};
		65C2D4C926FE413900F9EAD0 /* LaunchScreen.storyboard */ = {
			isa = PBXVariantGroup;
			children = (
				65C2D4CA26FE413900F9EAD0 /* Base */,
			);
			name = LaunchScreen.storyboard;
			sourceTree = "<group>";
		};
/* End PBXVariantGroup section */

/* Begin XCBuildConfiguration section */
		65C2D4CD26FE413900F9EAD0 /* Debug */ = {
			isa = XCBuildConfiguration;
			buildSettings = {
				ALWAYS_SEARCH_USER_PATHS = NO;
				CLANG_ANALYZER_NONNULL = YES;
				CLANG_ANALYZER_NUMBER_OBJECT_CONVERSION = YES_AGGRESSIVE;
				CLANG_CXX_LANGUAGE_STANDARD = "gnu++14";
				CLANG_CXX_LIBRARY = "libc++";
				CLANG_ENABLE_MODULES = YES;
				CLANG_ENABLE_OBJC_ARC = YES;
				CLANG_ENABLE_OBJC_WEAK = YES;
				CLANG_WARN_BLOCK_CAPTURE_AUTORELEASING = YES;
				CLANG_WARN_BOOL_CONVERSION = YES;
				CLANG_WARN_COMMA = YES;
				CLANG_WARN_CONSTANT_CONVERSION = YES;
				CLANG_WARN_DEPRECATED_OBJC_IMPLEMENTATIONS = YES;
				CLANG_WARN_DIRECT_OBJC_ISA_USAGE = YES_ERROR;
				CLANG_WARN_DOCUMENTATION_COMMENTS = YES;
				CLANG_WARN_EMPTY_BODY = YES;
				CLANG_WARN_ENUM_CONVERSION = YES;
				CLANG_WARN_INFINITE_RECURSION = YES;
				CLANG_WARN_INT_CONVERSION = YES;
				CLANG_WARN_NON_LITERAL_NULL_CONVERSION = YES;
				CLANG_WARN_OBJC_IMPLICIT_RETAIN_SELF = YES;
				CLANG_WARN_OBJC_LITERAL_CONVERSION = YES;
				CLANG_WARN_OBJC_ROOT_CLASS = YES_ERROR;
				CLANG_WARN_QUOTED_INCLUDE_IN_FRAMEWORK_HEADER = YES;
				CLANG_WARN_RANGE_LOOP_ANALYSIS = YES;
				CLANG_WARN_STRICT_PROTOTYPES = YES;
				CLANG_WARN_SUSPICIOUS_MOVE = YES;
				CLANG_WARN_UNGUARDED_AVAILABILITY = YES_AGGRESSIVE;
				CLANG_WARN_UNREACHABLE_CODE = YES;
				CLANG_WARN__DUPLICATE_METHOD_MATCH = YES;
				COPY_PHASE_STRIP = NO;
				DEBUG_INFORMATION_FORMAT = dwarf;
				ENABLE_STRICT_OBJC_MSGSEND = YES;
				ENABLE_TESTABILITY = YES;
				GCC_C_LANGUAGE_STANDARD = gnu11;
				GCC_DYNAMIC_NO_PIC = NO;
				GCC_NO_COMMON_BLOCKS = YES;
				GCC_OPTIMIZATION_LEVEL = 0;
				GCC_PREPROCESSOR_DEFINITIONS = (
					"DEBUG=1",
					"$(inherited)",
				);
				GCC_WARN_64_TO_32_BIT_CONVERSION = YES;
				GCC_WARN_ABOUT_RETURN_TYPE = YES_ERROR;
				GCC_WARN_UNDECLARED_SELECTOR = YES;
				GCC_WARN_UNINITIALIZED_AUTOS = YES_AGGRESSIVE;
				GCC_WARN_UNUSED_FUNCTION = YES;
				GCC_WARN_UNUSED_VARIABLE = YES;
				IPHONEOS_DEPLOYMENT_TARGET = 14.5;
				MTL_ENABLE_DEBUG_INFO = INCLUDE_SOURCE;
				MTL_FAST_MATH = YES;
				ONLY_ACTIVE_ARCH = YES;
				SDKROOT = iphoneos;
				SWIFT_ACTIVE_COMPILATION_CONDITIONS = DEBUG;
				SWIFT_OPTIMIZATION_LEVEL = "-Onone";
			};
			name = Debug;
		};
		65C2D4CE26FE413900F9EAD0 /* Release */ = {
			isa = XCBuildConfiguration;
			buildSettings = {
				ALWAYS_SEARCH_USER_PATHS = NO;
				CLANG_ANALYZER_NONNULL = YES;
				CLANG_ANALYZER_NUMBER_OBJECT_CONVERSION = YES_AGGRESSIVE;
				CLANG_CXX_LANGUAGE_STANDARD = "gnu++14";
				CLANG_CXX_LIBRARY = "libc++";
				CLANG_ENABLE_MODULES = YES;
				CLANG_ENABLE_OBJC_ARC = YES;
				CLANG_ENABLE_OBJC_WEAK = YES;
				CLANG_WARN_BLOCK_CAPTURE_AUTORELEASING = YES;
				CLANG_WARN_BOOL_CONVERSION = YES;
				CLANG_WARN_COMMA = YES;
				CLANG_WARN_CONSTANT_CONVERSION = YES;
				CLANG_WARN_DEPRECATED_OBJC_IMPLEMENTATIONS = YES;
				CLANG_WARN_DIRECT_OBJC_ISA_USAGE = YES_ERROR;
				CLANG_WARN_DOCUMENTATION_COMMENTS = YES;
				CLANG_WARN_EMPTY_BODY = YES;
				CLANG_WARN_ENUM_CONVERSION = YES;
				CLANG_WARN_INFINITE_RECURSION = YES;
				CLANG_WARN_INT_CONVERSION = YES;
				CLANG_WARN_NON_LITERAL_NULL_CONVERSION = YES;
				CLANG_WARN_OBJC_IMPLICIT_RETAIN_SELF = YES;
				CLANG_WARN_OBJC_LITERAL_CONVERSION = YES;
				CLANG_WARN_OBJC_ROOT_CLASS = YES_ERROR;
				CLANG_WARN_QUOTED_INCLUDE_IN_FRAMEWORK_HEADER = YES;
				CLANG_WARN_RANGE_LOOP_ANALYSIS = YES;
				CLANG_WARN_STRICT_PROTOTYPES = YES;
				CLANG_WARN_SUSPICIOUS_MOVE = YES;
				CLANG_WARN_UNGUARDED_AVAILABILITY = YES_AGGRESSIVE;
				CLANG_WARN_UNREACHABLE_CODE = YES;
				CLANG_WARN__DUPLICATE_METHOD_MATCH = YES;
				COPY_PHASE_STRIP = NO;
				DEBUG_INFORMATION_FORMAT = "dwarf-with-dsym";
				ENABLE_NS_ASSERTIONS = NO;
				ENABLE_STRICT_OBJC_MSGSEND = YES;
				GCC_C_LANGUAGE_STANDARD = gnu11;
				GCC_NO_COMMON_BLOCKS = YES;
				GCC_WARN_64_TO_32_BIT_CONVERSION = YES;
				GCC_WARN_ABOUT_RETURN_TYPE = YES_ERROR;
				GCC_WARN_UNDECLARED_SELECTOR = YES;
				GCC_WARN_UNINITIALIZED_AUTOS = YES_AGGRESSIVE;
				GCC_WARN_UNUSED_FUNCTION = YES;
				GCC_WARN_UNUSED_VARIABLE = YES;
				IPHONEOS_DEPLOYMENT_TARGET = 14.5;
				MTL_ENABLE_DEBUG_INFO = NO;
				MTL_FAST_MATH = YES;
				SDKROOT = iphoneos;
				SWIFT_COMPILATION_MODE = wholemodule;
				SWIFT_OPTIMIZATION_LEVEL = "-O";
				VALIDATE_PRODUCT = YES;
			};
			name = Release;
		};
		65C2D4D026FE413900F9EAD0 /* Debug */ = {
			isa = XCBuildConfiguration;
			buildSettings = {
				ASSETCATALOG_COMPILER_APPICON_NAME = AppIcon;
				ASSETCATALOG_COMPILER_GLOBAL_ACCENT_COLOR_NAME = AccentColor;
				CODE_SIGN_STYLE = Automatic;
				DEVELOPMENT_TEAM = YUUFSG2NFS;
				INFOPLIST_FILE = BreakingBad/App/Info.plist;
				LD_RUNPATH_SEARCH_PATHS = (
					"$(inherited)",
					"@executable_path/Frameworks",
				);
				PRODUCT_BUNDLE_IDENTIFIER = hw.BreakingBad;
				PRODUCT_NAME = "$(TARGET_NAME)";
				SWIFT_VERSION = 5.0;
				TARGETED_DEVICE_FAMILY = 1;
			};
			name = Debug;
		};
		65C2D4D126FE413900F9EAD0 /* Release */ = {
			isa = XCBuildConfiguration;
			buildSettings = {
				ASSETCATALOG_COMPILER_APPICON_NAME = AppIcon;
				ASSETCATALOG_COMPILER_GLOBAL_ACCENT_COLOR_NAME = AccentColor;
				CODE_SIGN_STYLE = Automatic;
				DEVELOPMENT_TEAM = YUUFSG2NFS;
				INFOPLIST_FILE = BreakingBad/App/Info.plist;
				LD_RUNPATH_SEARCH_PATHS = (
					"$(inherited)",
					"@executable_path/Frameworks",
				);
				PRODUCT_BUNDLE_IDENTIFIER = hw.BreakingBad;
				PRODUCT_NAME = "$(TARGET_NAME)";
				SWIFT_VERSION = 5.0;
				TARGETED_DEVICE_FAMILY = 1;
			};
			name = Release;
		};
/* End XCBuildConfiguration section */

/* Begin XCConfigurationList section */
		65C2D4B626FE413600F9EAD0 /* Build configuration list for PBXProject "BreakingBad" */ = {
			isa = XCConfigurationList;
			buildConfigurations = (
				65C2D4CD26FE413900F9EAD0 /* Debug */,
				65C2D4CE26FE413900F9EAD0 /* Release */,
			);
			defaultConfigurationIsVisible = 0;
			defaultConfigurationName = Release;
		};
		65C2D4CF26FE413900F9EAD0 /* Build configuration list for PBXNativeTarget "BreakingBad" */ = {
			isa = XCConfigurationList;
			buildConfigurations = (
				65C2D4D026FE413900F9EAD0 /* Debug */,
				65C2D4D126FE413900F9EAD0 /* Release */,
			);
			defaultConfigurationIsVisible = 0;
			defaultConfigurationName = Release;
		};
/* End XCConfigurationList section */
	};
	rootObject = 65C2D4B326FE413600F9EAD0 /* Project object */;
}
